
Microsoft Visual Studio Solution File, Format Version 12.00
# Visual Studio Version 17
VisualStudioVersion = 17.10.35122.118
MinimumVisualStudioVersion = 10.0.40219.1
Project("{FAE04EC0-301F-11D3-BF4B-00C04F79EFBC}") = "Teste53", "Teste53.csproj", "{99F719B2-F20E-474D-A19E-2AB88FC428E8}"
EndProject
Global
	GlobalSection(SolutionConfigurationPlatforms) = preSolution
		Debug|Any CPU = Debug|Any CPU
		Release|Any CPU = Release|Any CPU
	EndGlobalSection
	GlobalSection(ProjectConfigurationPlatforms) = postSolution
		{99F719B2-F20E-474D-A19E-2AB88FC428E8}.Debug|Any CPU.ActiveCfg = Debug|Any CPU
		{99F719B2-F20E-474D-A19E-2AB88FC428E8}.Debug|Any CPU.Build.0 = Debug|Any CPU
		{99F719B2-F20E-474D-A19E-2AB88FC428E8}.Release|Any CPU.ActiveCfg = Release|Any CPU
		{99F719B2-F20E-474D-A19E-2AB88FC428E8}.Release|Any CPU.Build.0 = Release|Any CPU
	EndGlobalSection
	GlobalSection(SolutionProperties) = preSolution
		HideSolutionNode = FALSE
	EndGlobalSection
	GlobalSection(ExtensibilityGlobals) = postSolution
		SolutionGuid = {04DFE00D-9780-44CE-8615-BF2041FE6980}
	EndGlobalSection
EndGlobal
